// !$*UTF8*$!
{
	archiveVersion = 1;
	classes = {
	};
	objectVersion = 46;
	objects = {

/* Begin PBXBuildFile section */
		52C25E531D0E8E5D004B7E9F /* main.m in Sources */ = {isa = PBXBuildFile; fileRef = 52C25E521D0E8E5D004B7E9F /* main.m */; };
		52C25E561D0E8E5D004B7E9F /* AppDelegate.m in Sources */ = {isa = PBXBuildFile; fileRef = 52C25E551D0E8E5D004B7E9F /* AppDelegate.m */; };
		52C25E591D0E8E5D004B7E9F /* ViewController.m in Sources */ = {isa = PBXBuildFile; fileRef = 52C25E581D0E8E5D004B7E9F /* ViewController.m */; };
		52C25E5C1D0E8E5D004B7E9F /* Main.storyboard in Resources */ = {isa = PBXBuildFile; fileRef = 52C25E5A1D0E8E5D004B7E9F /* Main.storyboard */; };
		52C25E5E1D0E8E5D004B7E9F /* Assets.xcassets in Resources */ = {isa = PBXBuildFile; fileRef = 52C25E5D1D0E8E5D004B7E9F /* Assets.xcassets */; };
		52C25E611D0E8E5D004B7E9F /* LaunchScreen.storyboard in Resources */ = {isa = PBXBuildFile; fileRef = 52C25E5F1D0E8E5D004B7E9F /* LaunchScreen.storyboard */; };
		52C25E6A1D0E947E004B7E9F /* mortgage@2x.png in Resources */ = {isa = PBXBuildFile; fileRef = 52C25E681D0E947E004B7E9F /* mortgage@2x.png */; };
		52C25E6B1D0E947E004B7E9F /* mortgage@3x.png in Resources */ = {isa = PBXBuildFile; fileRef = 52C25E691D0E947E004B7E9F /* mortgage@3x.png */; };
/* End PBXBuildFile section */

/* Begin PBXFileReference section */
		52C25E4E1D0E8E5D004B7E9F /* UIButton的创建与使用.app */ = {isa = PBXFileReference; explicitFileType = wrapper.application; includeInIndex = 0; path = "UIButton的创建与使用.app"; sourceTree = BUILT_PRODUCTS_DIR; };
		52C25E521D0E8E5D004B7E9F /* main.m */ = {isa = PBXFileReference; lastKnownFileType = sourcecode.c.objc; path = main.m; sourceTree = "<group>"; };
		52C25E541D0E8E5D004B7E9F /* AppDelegate.h */ = {isa = PBXFileReference; lastKnownFileType = sourcecode.c.h; path = AppDelegate.h; sourceTree = "<group>"; };
		52C25E551D0E8E5D004B7E9F /* AppDelegate.m */ = {isa = PBXFileReference; lastKnownFileType = sourcecode.c.objc; path = AppDelegate.m; sourceTree = "<group>"; };
		52C25E571D0E8E5D004B7E9F /* ViewController.h */ = {isa = PBXFileReference; lastKnownFileType = sourcecode.c.h; path = ViewController.h; sourceTree = "<group>"; };
		52C25E581D0E8E5D004B7E9F /* ViewController.m */ = {isa = PBXFileReference; lastKnownFileType = sourcecode.c.objc; path = ViewController.m; sourceTree = "<group>"; };
		52C25E5B1D0E8E5D004B7E9F /* Base */ = {isa = PBXFileReference; lastKnownFileType = file.storyboard; name = Base; path = Base.lproj/Main.storyboard; sourceTree = "<group>"; };
		52C25E5D1D0E8E5D004B7E9F /* Assets.xcassets */ = {isa = PBXFileReference; lastKnownFileType = folder.assetcatalog; path = Assets.xcassets; sourceTree = "<group>"; };
		52C25E601D0E8E5D004B7E9F /* Base */ = {isa = PBXFileReference; lastKnownFileType = file.storyboard; name = Base; path = Base.lproj/LaunchScreen.storyboard; sourceTree = "<group>"; };
		52C25E621D0E8E5D004B7E9F /* Info.plist */ = {isa = PBXFileReference; lastKnownFileType = text.plist.xml; path = Info.plist; sourceTree = "<group>"; };
		52C25E681D0E947E004B7E9F /* mortgage@2x.png */ = {isa = PBXFileReference; lastKnownFileType = image.png; path = "mortgage@2x.png"; sourceTree = "<group>"; };
		52C25E691D0E947E004B7E9F /* mortgage@3x.png */ = {isa = PBXFileReference; lastKnownFileType = image.png; path = "mortgage@3x.png"; sourceTree = "<group>"; };
/* End PBXFileReference section */

/* Begin PBXFrameworksBuildPhase section */
		52C25E4B1D0E8E5D004B7E9F /* Frameworks */ = {
			isa = PBXFrameworksBuildPhase;
			buildActionMask = 2147483647;
			files = (
			);
			runOnlyForDeploymentPostprocessing = 0;
		};
/* End PBXFrameworksBuildPhase section */

/* Begin PBXGroup section */
		52C25E451D0E8E5D004B7E9F = {
			isa = PBXGroup;
			children = (
				52C25E681D0E947E004B7E9F /* mortgage@2x.png */,
				52C25E691D0E947E004B7E9F /* mortgage@3x.png */,
				52C25E501D0E8E5D004B7E9F /* UIButton的创建与使用 */,
				52C25E4F1D0E8E5D004B7E9F /* Products */,
			);
			sourceTree = "<group>";
		};
		52C25E4F1D0E8E5D004B7E9F /* Products */ = {
			isa = PBXGroup;
			children = (
				52C25E4E1D0E8E5D004B7E9F /* UIButton的创建与使用.app */,
			);
			name = Products;
			sourceTree = "<group>";
		};
		52C25E501D0E8E5D004B7E9F /* UIButton的创建与使用 */ = {
			isa = PBXGroup;
			children = (
				52C25E541D0E8E5D004B7E9F /* AppDelegate.h */,
				52C25E551D0E8E5D004B7E9F /* AppDelegate.m */,
				52C25E571D0E8E5D004B7E9F /* ViewController.h */,
				52C25E581D0E8E5D004B7E9F /* ViewController.m */,
				52C25E5A1D0E8E5D004B7E9F /* Main.storyboard */,
				52C25E5D1D0E8E5D004B7E9F /* Assets.xcassets */,
				52C25E5F1D0E8E5D004B7E9F /* LaunchScreen.storyboard */,
				52C25E621D0E8E5D004B7E9F /* Info.plist */,
				52C25E511D0E8E5D004B7E9F /* Supporting Files */,
			);
			path = "UIButton的创建与使用";
			sourceTree = "<group>";
		};
		52C25E511D0E8E5D004B7E9F /* Supporting Files */ = {
			isa = PBXGroup;
			children = (
				52C25E521D0E8E5D004B7E9F /* main.m */,
			);
			name = "Supporting Files";
			sourceTree = "<group>";
		};
/* End PBXGroup section */

/* Begin PBXNativeTarget section */
		52C25E4D1D0E8E5D004B7E9F /* UIButton的创建与使用 */ = {
			isa = PBXNativeTarget;
			buildConfigurationList = 52C25E651D0E8E5D004B7E9F /* Build configuration list for PBXNativeTarget "UIButton的创建与使用" */;
			buildPhases = (
				52C25E4A1D0E8E5D004B7E9F /* Sources */,
				52C25E4B1D0E8E5D004B7E9F /* Frameworks */,
				52C25E4C1D0E8E5D004B7E9F /* Resources */,
			);
			buildRules = (
			);
			dependencies = (
			);
			name = "UIButton的创建与使用";
			productName = "UIButton的创建与使用";
			productReference = 52C25E4E1D0E8E5D004B7E9F /* UIButton的创建与使用.app */;
			productType = "com.apple.product-type.application";
		};
/* End PBXNativeTarget section */

/* Begin PBXProject section */
		52C25E461D0E8E5D004B7E9F /* Project object */ = {
			isa = PBXProject;
			attributes = {
				LastUpgradeCheck = 0730;
				ORGANIZATIONNAME = Seejoys;
				TargetAttributes = {
					52C25E4D1D0E8E5D004B7E9F = {
						CreatedOnToolsVersion = 7.3.1;
					};
				};
			};
			buildConfigurationList = 52C25E491D0E8E5D004B7E9F /* Build configuration list for PBXProject "UIButton的创建与使用" */;
			compatibilityVersion = "Xcode 3.2";
			developmentRegion = English;
			hasScannedForEncodings = 0;
			knownRegions = (
				en,
				Base,
			);
			mainGroup = 52C25E451D0E8E5D004B7E9F;
			productRefGroup = 52C25E4F1D0E8E5D004B7E9F /* Products */;
			projectDirPath = "";
			projectRoot = "";
			targets = (
				52C25E4D1D0E8E5D004B7E9F /* UIButton的创建与使用 */,
			);
		};
/* End PBXProject section */

/* Begin PBXResourcesBuildPhase section */
		52C25E4C1D0E8E5D004B7E9F /* Resources */ = {
			isa = PBXResourcesBuildPhase;
			buildActionMask = 2147483647;
			files = (
				52C25E6B1D0E947E004B7E9F /* mortgage@3x.png in Resources */,
				52C25E611D0E8E5D004B7E9F /* LaunchScreen.storyboard in Resources */,
				52C25E5E1D0E8E5D004B7E9F /* Assets.xcassets in Resources */,
				52C25E6A1D0E947E004B7E9F /* mortgage@2x.png in Resources */,
				52C25E5C1D0E8E5D004B7E9F /* Main.storyboard in Resources */,
			);
			runOnlyForDeploymentPostprocessing = 0;
		};
/* End PBXResourcesBuildPhase section */

/* Begin PBXSourcesBuildPhase section */
		52C25E4A1D0E8E5D004B7E9F /* Sources */ = {
			isa = PBXSourcesBuildPhase;
			buildActionMask = 2147483647;
			files = (
				52C25E591D0E8E5D004B7E9F /* ViewController.m in Sources */,
				52C25E561D0E8E5D004B7E9F /* AppDelegate.m in Sources */,
				52C25E531D0E8E5D004B7E9F /* main.m in Sources */,
			);
			runOnlyForDeploymentPostprocessing = 0;
		};
/* End PBXSourcesBuildPhase section */

/* Begin PBXVariantGroup section */
		52C25E5A1D0E8E5D004B7E9F /* Main.storyboard */ = {
			isa = PBXVariantGroup;
			children = (
				52C25E5B1D0E8E5D004B7E9F /* Base */,
			);
			name = Main.storyboard;
			sourceTree = "<group>";
		};
		52C25E5F1D0E8E5D004B7E9F /* LaunchScreen.storyboard */ = {
			isa = PBXVariantGroup;
			children = (
				52C25E601D0E8E5D004B7E9F /* Base */,
			);
			name = LaunchScreen.storyboard;
			sourceTree = "<group>";
		};
/* End PBXVariantGroup section */

/* Begin XCBuildConfiguration section */
		52C25E631D0E8E5D004B7E9F /* Debug */ = {
			isa = XCBuildConfiguration;
			buildSettings = {
				ALWAYS_SEARCH_USER_PATHS = NO;
				CLANG_ANALYZER_NONNULL = YES;
				CLANG_CXX_LANGUAGE_STANDARD = "gnu++0x";
				CLANG_CXX_LIBRARY = "libc++";
				CLANG_ENABLE_MODULES = YES;
				CLANG_ENABLE_OBJC_ARC = YES;
				CLANG_WARN_BOOL_CONVERSION = YES;
				CLANG_WARN_CONSTANT_CONVERSION = YES;
				CLANG_WARN_DIRECT_OBJC_ISA_USAGE = YES_ERROR;
				CLANG_WARN_EMPTY_BODY = YES;
				CLANG_WARN_ENUM_CONVERSION = YES;
				CLANG_WARN_INT_CONVERSION = YES;
				CLANG_WARN_OBJC_ROOT_CLASS = YES_ERROR;
				CLANG_WARN_UNREACHABLE_CODE = YES;
				CLANG_WARN__DUPLICATE_METHOD_MATCH = YES;
				"CODE_SIGN_IDENTITY[sdk=iphoneos*]" = "iPhone Developer";
				COPY_PHASE_STRIP = NO;
				DEBUG_INFORMATION_FORMAT = dwarf;
				ENABLE_STRICT_OBJC_MSGSEND = YES;
				ENABLE_TESTABILITY = YES;
				GCC_C_LANGUAGE_STANDARD = gnu99;
				GCC_DYNAMIC_NO_PIC = NO;
				GCC_NO_COMMON_BLOCKS = YES;
				GCC_OPTIMIZATION_LEVEL = 0;
				GCC_PREPROCESSOR_DEFINITIONS = (
					"DEBUG=1",
					"$(inherited)",
				);
				GCC_WARN_64_TO_32_BIT_CONVERSION = YES;
				GCC_WARN_ABOUT_RETURN_TYPE = YES_ERROR;
				GCC_WARN_UNDECLARED_SELECTOR = YES;
				GCC_WARN_UNINITIALIZED_AUTOS = YES_AGGRESSIVE;
				GCC_WARN_UNUSED_FUNCTION = YES;
				GCC_WARN_UNUSED_VARIABLE = YES;
				IPHONEOS_DEPLOYMENT_TARGET = 9.3;
				MTL_ENABLE_DEBUG_INFO = YES;
				ONLY_ACTIVE_ARCH = YES;
				SDKROOT = iphoneos;
			};
			name = Debug;
		};
		52C25E641D0E8E5D004B7E9F /* Release */ = {
			isa = XCBuildConfiguration;
			buildSettings = {
				ALWAYS_SEARCH_USER_PATHS = NO;
				CLANG_ANALYZER_NONNULL = YES;
				CLANG_CXX_LANGUAGE_STANDARD = "gnu++0x";
				CLANG_CXX_LIBRARY = "libc++";
				CLANG_ENABLE_MODULES = YES;
				CLANG_ENABLE_OBJC_ARC = YES;
				CLANG_WARN_BOOL_CONVERSION = YES;
				CLANG_WARN_CONSTANT_CONVERSION = YES;
				CLANG_WARN_DIRECT_OBJC_ISA_USAGE = YES_ERROR;
				CLANG_WARN_EMPTY_BODY = YES;
				CLANG_WARN_ENUM_CONVERSION = YES;
				CLANG_WARN_INT_CONVERSION = YES;
				CLANG_WARN_OBJC_ROOT_CLASS = YES_ERROR;
				CLANG_WARN_UNREACHABLE_CODE = YES;
				CLANG_WARN__DUPLICATE_METHOD_MATCH = YES;
				"CODE_SIGN_IDENTITY[sdk=iphoneos*]" = "iPhone Developer";
				COPY_PHASE_STRIP = NO;
				DEBUG_INFORMATION_FORMAT = "dwarf-with-dsym";
				ENABLE_NS_ASSERTIONS = NO;
				ENABLE_STRICT_OBJC_MSGSEND = YES;
				GCC_C_LANGUAGE_STANDARD = gnu99;
				GCC_NO_COMMON_BLOCKS = YES;
				GCC_WARN_64_TO_32_BIT_CONVERSION = YES;
				GCC_WARN_ABOUT_RETURN_TYPE = YES_ERROR;
				GCC_WARN_UNDECLARED_SELECTOR = YES;
				GCC_WARN_UNINITIALIZED_AUTOS = YES_AGGRESSIVE;
				GCC_WARN_UNUSED_FUNCTION = YES;
				GCC_WARN_UNUSED_VARIABLE = YES;
				IPHONEOS_DEPLOYMENT_TARGET = 9.3;
				MTL_ENABLE_DEBUG_INFO = NO;
				SDKROOT = iphoneos;
				VALIDATE_PRODUCT = YES;
			};
			name = Release;
		};
		52C25E661D0E8E5D004B7E9F /* Debug */ = {
			isa = XCBuildConfiguration;
			buildSettings = {
				ASSETCATALOG_COMPILER_APPICON_NAME = AppIcon;
				INFOPLIST_FILE = "UIButton的创建与使用/Info.plist";
				LD_RUNPATH_SEARCH_PATHS = "$(inherited) @executable_path/Frameworks";
				PRODUCT_BUNDLE_IDENTIFIER = "com.seejoys.UIButton------";
				PRODUCT_NAME = "$(TARGET_NAME)";
			};
			name = Debug;
		};
		52C25E671D0E8E5D004B7E9F /* Release */ = {
			isa = XCBuildConfiguration;
			buildSettings = {
				ASSETCATALOG_COMPILER_APPICON_NAME = AppIcon;
				INFOPLIST_FILE = "UIButton的创建与使用/Info.plist";
				LD_RUNPATH_SEARCH_PATHS = "$(inherited) @executable_path/Frameworks";
				PRODUCT_BUNDLE_IDENTIFIER = "com.seejoys.UIButton------";
				PRODUCT_NAME = "$(TARGET_NAME)";
			};
			name = Release;
		};
/* End XCBuildConfiguration section */

/* Begin XCConfigurationList section */
		52C25E491D0E8E5D004B7E9F /* Build configuration list for PBXProject "UIButton的创建与使用" */ = {
			isa = XCConfigurationList;
			buildConfigurations = (
				52C25E631D0E8E5D004B7E9F /* Debug */,
				52C25E641D0E8E5D004B7E9F /* Release */,
			);
			defaultConfigurationIsVisible = 0;
			defaultConfigurationName = Release;
		};
		52C25E651D0E8E5D004B7E9F /* Build configuration list for PBXNativeTarget "UIButton的创建与使用" */ = {
			isa = XCConfigurationList;
			buildConfigurations = (
				52C25E661D0E8E5D004B7E9F /* Debug */,
				52C25E671D0E8E5D004B7E9F /* Release */,
			);
			defaultConfigurationIsVisible = 0;
		};
/* End XCConfigurationList section */
	};
	rootObject = 52C25E461D0E8E5D004B7E9F /* Project object */;
}
